// !$*UTF8*$!
{
	archiveVersion = 1;
	classes = {
	};
	objectVersion = 51;
	objects = {

/* Begin PBXBuildFile section */
		00C448A44B21BD6598B1A329 /* Pods_Kanmoku_SupportUITests.framework in Frameworks */ = {isa = PBXBuildFile; fileRef = 0401A0DE8B0D08056F2BA85B /* Pods_Kanmoku_SupportUITests.framework */; };
		1607B75A276CB34B00E1BDB1 /* ShowDrawingView.swift in Sources */ = {isa = PBXBuildFile; fileRef = 1607B759276CB34B00E1BDB1 /* ShowDrawingView.swift */; };
		160B2C5D23EAC0BE002CD2BB /* CoachMarkController.swift in Sources */ = {isa = PBXBuildFile; fileRef = 160B2C5C23EAC0BE002CD2BB /* CoachMarkController.swift */; };
		163BDE8C216B135A007C7E07 /* Settings.swift in Sources */ = {isa = PBXBuildFile; fileRef = 163BDE8B216B135A007C7E07 /* Settings.swift */; };
		163F5FB52174D0A9000D2839 /* assets in Resources */ = {isa = PBXBuildFile; fileRef = 163F5FB42174D0A9000D2839 /* assets */; };
		163F5FB72174D8EF000D2839 /* Templates.swift in Sources */ = {isa = PBXBuildFile; fileRef = 163F5FB62174D8EF000D2839 /* Templates.swift */; };
		1646A9B8218DF8A000A2E301 /* TemplatesPresenter.swift in Sources */ = {isa = PBXBuildFile; fileRef = 1646A9B7218DF8A000A2E301 /* TemplatesPresenter.swift */; };
		16498DA020849D0900332403 /* DrawingViewController.swift in Sources */ = {isa = PBXBuildFile; fileRef = 16498D9F20849D0900332403 /* DrawingViewController.swift */; };
		1655B44B234A097A00BBA8D4 /* Extension.swift in Sources */ = {isa = PBXBuildFile; fileRef = 1655B44A234A097A00BBA8D4 /* Extension.swift */; };
		1655B450234A0A7D00BBA8D4 /* Localizable.strings in Resources */ = {isa = PBXBuildFile; fileRef = 1655B452234A0A7D00BBA8D4 /* Localizable.strings */; };
		165B3DD02340F3F7005D8672 /* TextListContract.swift in Sources */ = {isa = PBXBuildFile; fileRef = 165B3DCF2340F3F7005D8672 /* TextListContract.swift */; };
		165B3DD22340F46B005D8672 /* TextListPresenter.swift in Sources */ = {isa = PBXBuildFile; fileRef = 165B3DD12340F46B005D8672 /* TextListPresenter.swift */; };
		167872B621849CE400BD2902 /* TemplatesContract.swift in Sources */ = {isa = PBXBuildFile; fileRef = 167872B521849CE400BD2902 /* TemplatesContract.swift */; };
		167872BA2184A49700BD2902 /* TemplatesViewController.swift in Sources */ = {isa = PBXBuildFile; fileRef = 167872B92184A49700BD2902 /* TemplatesViewController.swift */; };
		1690D9FB207F92A80096B23C /* AppDelegate.swift in Sources */ = {isa = PBXBuildFile; fileRef = 1690D9FA207F92A80096B23C /* AppDelegate.swift */; };
		1690D9FD207F92A80096B23C /* ViewController.swift in Sources */ = {isa = PBXBuildFile; fileRef = 1690D9FC207F92A80096B23C /* ViewController.swift */; };
		1690DA00207F92A80096B23C /* Main.storyboard in Resources */ = {isa = PBXBuildFile; fileRef = 1690D9FE207F92A80096B23C /* Main.storyboard */; };
		1690DA02207F92A90096B23C /* Assets.xcassets in Resources */ = {isa = PBXBuildFile; fileRef = 1690DA01207F92A90096B23C /* Assets.xcassets */; };
		1690DA05207F92A90096B23C /* LaunchScreen.storyboard in Resources */ = {isa = PBXBuildFile; fileRef = 1690DA03207F92A90096B23C /* LaunchScreen.storyboard */; };
		1690DA10207F92AA0096B23C /* Kanmoku_SupportTests.swift in Sources */ = {isa = PBXBuildFile; fileRef = 1690DA0F207F92AA0096B23C /* Kanmoku_SupportTests.swift */; };
		1690DA1B207F92AA0096B23C /* Kanmoku_SupportUITests.swift in Sources */ = {isa = PBXBuildFile; fileRef = 1690DA1A207F92AA0096B23C /* Kanmoku_SupportUITests.swift */; };
		16AC0926276D92B30008C26E /* TextShowView.swift in Sources */ = {isa = PBXBuildFile; fileRef = 16AC0925276D92B30008C26E /* TextShowView.swift */; };
		16AC0928276DAA210008C26E /* IllustSelectView.swift in Sources */ = {isa = PBXBuildFile; fileRef = 16AC0927276DAA210008C26E /* IllustSelectView.swift */; };
		16BE8C252081E7120041602C /* WritingViewController.swift in Sources */ = {isa = PBXBuildFile; fileRef = 16BE8C242081E7120041602C /* WritingViewController.swift */; };
		16BE8C2C2081F7490041602C /* TTS.swift in Sources */ = {isa = PBXBuildFile; fileRef = 16BE8C2B2081F7490041602C /* TTS.swift */; };
		16BE8C36208264B40041602C /* Settings.bundle in Resources */ = {isa = PBXBuildFile; fileRef = 16BE8C35208264B40041602C /* Settings.bundle */; };
		16DA4F812167CAD100C86180 /* WritingPresenter.swift in Sources */ = {isa = PBXBuildFile; fileRef = 16DA4F802167CAD000C86180 /* WritingPresenter.swift */; };
		16DA4F832167CB3C00C86180 /* WritingContract.swift in Sources */ = {isa = PBXBuildFile; fileRef = 16DA4F822167CB3C00C86180 /* WritingContract.swift */; };
		16E073BC2371BBE100B7EF89 /* GoogleService-Info.plist in Resources */ = {isa = PBXBuildFile; fileRef = 16E073BB2371BBE100B7EF89 /* GoogleService-Info.plist */; };
		16E073BD2371BBE100B7EF89 /* GoogleService-Info.plist in Resources */ = {isa = PBXBuildFile; fileRef = 16E073BB2371BBE100B7EF89 /* GoogleService-Info.plist */; };
		16E073BE2371BBE100B7EF89 /* GoogleService-Info.plist in Resources */ = {isa = PBXBuildFile; fileRef = 16E073BB2371BBE100B7EF89 /* GoogleService-Info.plist */; };
		16E073C02372EA4E00B7EF89 /* Colors.xcassets in Resources */ = {isa = PBXBuildFile; fileRef = 16E073BF2372EA4E00B7EF89 /* Colors.xcassets */; };
		16EFE8B12332785F000B6D95 /* TextListViewController.swift in Sources */ = {isa = PBXBuildFile; fileRef = 16EFE8B02332785F000B6D95 /* TextListViewController.swift */; };
		16F71D9823A2718900A6A039 /* UITextView+extension.swift in Sources */ = {isa = PBXBuildFile; fileRef = 16F71D9723A2718900A6A039 /* UITextView+extension.swift */; };
		16F71D9A23A53E7200A6A039 /* TextService.swift in Sources */ = {isa = PBXBuildFile; fileRef = 16F71D9923A53E7200A6A039 /* TextService.swift */; };
		16F71D9C23A546EA00A6A039 /* String+extension.swift in Sources */ = {isa = PBXBuildFile; fileRef = 16F71D9B23A546EA00A6A039 /* String+extension.swift */; };
		5420FAEC9331CEBC66579A99 /* Pods_Kanmoku_SupportTests.framework in Frameworks */ = {isa = PBXBuildFile; fileRef = 2C9A281E7DEF087278D394C0 /* Pods_Kanmoku_SupportTests.framework */; };
		5A6AEAD81DD9B8177971938F /* Pods_Kanmoku_Support.framework in Frameworks */ = {isa = PBXBuildFile; fileRef = 383B4C8527131A61DA8192FD /* Pods_Kanmoku_Support.framework */; };
/* End PBXBuildFile section */

/* Begin PBXContainerItemProxy section */
		1690DA0C207F92AA0096B23C /* PBXContainerItemProxy */ = {
			isa = PBXContainerItemProxy;
			containerPortal = 1690D9EF207F92A80096B23C /* Project object */;
			proxyType = 1;
			remoteGlobalIDString = 1690D9F6207F92A80096B23C;
			remoteInfo = "Kanmoku-Support";
		};
		1690DA17207F92AA0096B23C /* PBXContainerItemProxy */ = {
			isa = PBXContainerItemProxy;
			containerPortal = 1690D9EF207F92A80096B23C /* Project object */;
			proxyType = 1;
			remoteGlobalIDString = 1690D9F6207F92A80096B23C;
			remoteInfo = "Kanmoku-Support";
		};
/* End PBXContainerItemProxy section */

/* Begin PBXFileReference section */
		0401A0DE8B0D08056F2BA85B /* Pods_Kanmoku_SupportUITests.framework */ = {isa = PBXFileReference; explicitFileType = wrapper.framework; includeInIndex = 0; path = Pods_Kanmoku_SupportUITests.framework; sourceTree = BUILT_PRODUCTS_DIR; };
		1607B759276CB34B00E1BDB1 /* ShowDrawingView.swift */ = {isa = PBXFileReference; lastKnownFileType = sourcecode.swift; path = ShowDrawingView.swift; sourceTree = "<group>"; };
		160B2C5C23EAC0BE002CD2BB /* CoachMarkController.swift */ = {isa = PBXFileReference; lastKnownFileType = sourcecode.swift; path = CoachMarkController.swift; sourceTree = "<group>"; };
		163BDE8B216B135A007C7E07 /* Settings.swift */ = {isa = PBXFileReference; lastKnownFileType = sourcecode.swift; path = Settings.swift; sourceTree = "<group>"; };
		163F5FB42174D0A9000D2839 /* assets */ = {isa = PBXFileReference; lastKnownFileType = folder; name = assets; path = "Kanmoku-Support/assets"; sourceTree = "<group>"; };
		163F5FB62174D8EF000D2839 /* Templates.swift */ = {isa = PBXFileReference; lastKnownFileType = sourcecode.swift; path = Templates.swift; sourceTree = "<group>"; };
		1646A9B7218DF8A000A2E301 /* TemplatesPresenter.swift */ = {isa = PBXFileReference; lastKnownFileType = sourcecode.swift; path = TemplatesPresenter.swift; sourceTree = "<group>"; };
		16498D9F20849D0900332403 /* DrawingViewController.swift */ = {isa = PBXFileReference; lastKnownFileType = sourcecode.swift; path = DrawingViewController.swift; sourceTree = "<group>"; };
		1655B44A234A097A00BBA8D4 /* Extension.swift */ = {isa = PBXFileReference; fileEncoding = 4; lastKnownFileType = sourcecode.swift; path = Extension.swift; sourceTree = "<group>"; };
		1655B453234A0AAE00BBA8D4 /* ja */ = {isa = PBXFileReference; lastKnownFileType = text.plist.strings; name = ja; path = ja.lproj/Localizable.strings; sourceTree = "<group>"; };
		165B3DCF2340F3F7005D8672 /* TextListContract.swift */ = {isa = PBXFileReference; lastKnownFileType = sourcecode.swift; path = TextListContract.swift; sourceTree = "<group>"; };
		165B3DD12340F46B005D8672 /* TextListPresenter.swift */ = {isa = PBXFileReference; lastKnownFileType = sourcecode.swift; path = TextListPresenter.swift; sourceTree = "<group>"; };
		167872B521849CE400BD2902 /* TemplatesContract.swift */ = {isa = PBXFileReference; lastKnownFileType = sourcecode.swift; path = TemplatesContract.swift; sourceTree = "<group>"; };
		167872B92184A49700BD2902 /* TemplatesViewController.swift */ = {isa = PBXFileReference; lastKnownFileType = sourcecode.swift; path = TemplatesViewController.swift; sourceTree = "<group>"; };
		1690D9F7207F92A80096B23C /* Kanmoku-Support.app */ = {isa = PBXFileReference; explicitFileType = wrapper.application; includeInIndex = 0; path = "Kanmoku-Support.app"; sourceTree = BUILT_PRODUCTS_DIR; };
		1690D9FA207F92A80096B23C /* AppDelegate.swift */ = {isa = PBXFileReference; lastKnownFileType = sourcecode.swift; path = AppDelegate.swift; sourceTree = "<group>"; };
		1690D9FC207F92A80096B23C /* ViewController.swift */ = {isa = PBXFileReference; lastKnownFileType = sourcecode.swift; path = ViewController.swift; sourceTree = "<group>"; };
		1690D9FF207F92A80096B23C /* Base */ = {isa = PBXFileReference; lastKnownFileType = file.storyboard; name = Base; path = Base.lproj/Main.storyboard; sourceTree = "<group>"; };
		1690DA01207F92A90096B23C /* Assets.xcassets */ = {isa = PBXFileReference; lastKnownFileType = folder.assetcatalog; path = Assets.xcassets; sourceTree = "<group>"; };
		1690DA04207F92A90096B23C /* Base */ = {isa = PBXFileReference; lastKnownFileType = file.storyboard; name = Base; path = Base.lproj/LaunchScreen.storyboard; sourceTree = "<group>"; };
		1690DA06207F92A90096B23C /* Info.plist */ = {isa = PBXFileReference; lastKnownFileType = text.plist.xml; path = Info.plist; sourceTree = "<group>"; };
		1690DA0B207F92AA0096B23C /* Kanmoku-SupportTests.xctest */ = {isa = PBXFileReference; explicitFileType = wrapper.cfbundle; includeInIndex = 0; path = "Kanmoku-SupportTests.xctest"; sourceTree = BUILT_PRODUCTS_DIR; };
		1690DA0F207F92AA0096B23C /* Kanmoku_SupportTests.swift */ = {isa = PBXFileReference; lastKnownFileType = sourcecode.swift; path = Kanmoku_SupportTests.swift; sourceTree = "<group>"; };
		1690DA11207F92AA0096B23C /* Info.plist */ = {isa = PBXFileReference; lastKnownFileType = text.plist.xml; path = Info.plist; sourceTree = "<group>"; };
		1690DA16207F92AA0096B23C /* Kanmoku-SupportUITests.xctest */ = {isa = PBXFileReference; explicitFileType = wrapper.cfbundle; includeInIndex = 0; path = "Kanmoku-SupportUITests.xctest"; sourceTree = BUILT_PRODUCTS_DIR; };
		1690DA1A207F92AA0096B23C /* Kanmoku_SupportUITests.swift */ = {isa = PBXFileReference; lastKnownFileType = sourcecode.swift; path = Kanmoku_SupportUITests.swift; sourceTree = "<group>"; };
		1690DA1C207F92AA0096B23C /* Info.plist */ = {isa = PBXFileReference; lastKnownFileType = text.plist.xml; path = Info.plist; sourceTree = "<group>"; };
		16AC0925276D92B30008C26E /* TextShowView.swift */ = {isa = PBXFileReference; lastKnownFileType = sourcecode.swift; path = TextShowView.swift; sourceTree = "<group>"; };
		16AC0927276DAA210008C26E /* IllustSelectView.swift */ = {isa = PBXFileReference; lastKnownFileType = sourcecode.swift; path = IllustSelectView.swift; sourceTree = "<group>"; };
		16BE8C242081E7120041602C /* WritingViewController.swift */ = {isa = PBXFileReference; lastKnownFileType = sourcecode.swift; path = WritingViewController.swift; sourceTree = "<group>"; };
		16BE8C2B2081F7490041602C /* TTS.swift */ = {isa = PBXFileReference; lastKnownFileType = sourcecode.swift; path = TTS.swift; sourceTree = "<group>"; };
		16BE8C35208264B40041602C /* Settings.bundle */ = {isa = PBXFileReference; lastKnownFileType = "wrapper.plug-in"; path = Settings.bundle; sourceTree = "<group>"; };
		16DA4F802167CAD000C86180 /* WritingPresenter.swift */ = {isa = PBXFileReference; lastKnownFileType = sourcecode.swift; path = WritingPresenter.swift; sourceTree = "<group>"; };
		16DA4F822167CB3C00C86180 /* WritingContract.swift */ = {isa = PBXFileReference; lastKnownFileType = sourcecode.swift; path = WritingContract.swift; sourceTree = "<group>"; };
		16E073BB2371BBE100B7EF89 /* GoogleService-Info.plist */ = {isa = PBXFileReference; fileEncoding = 4; lastKnownFileType = text.plist.xml; path = "GoogleService-Info.plist"; sourceTree = "<group>"; };
		16E073BF2372EA4E00B7EF89 /* Colors.xcassets */ = {isa = PBXFileReference; lastKnownFileType = folder.assetcatalog; path = Colors.xcassets; sourceTree = "<group>"; };
		16E6A3AA234EAC7300E7F767 /* Kanmoku-Support.entitlements */ = {isa = PBXFileReference; lastKnownFileType = text.plist.entitlements; path = "Kanmoku-Support.entitlements"; sourceTree = "<group>"; };
		16EFE8B02332785F000B6D95 /* TextListViewController.swift */ = {isa = PBXFileReference; lastKnownFileType = sourcecode.swift; path = TextListViewController.swift; sourceTree = "<group>"; };
		16F71D9723A2718900A6A039 /* UITextView+extension.swift */ = {isa = PBXFileReference; lastKnownFileType = sourcecode.swift; path = "UITextView+extension.swift"; sourceTree = "<group>"; };
		16F71D9923A53E7200A6A039 /* TextService.swift */ = {isa = PBXFileReference; lastKnownFileType = sourcecode.swift; path = TextService.swift; sourceTree = "<group>"; };
		16F71D9B23A546EA00A6A039 /* String+extension.swift */ = {isa = PBXFileReference; lastKnownFileType = sourcecode.swift; path = "String+extension.swift"; sourceTree = "<group>"; };
		172E7894D134034A4E891C1D /* Pods-Kanmoku-SupportTests.release.xcconfig */ = {isa = PBXFileReference; includeInIndex = 1; lastKnownFileType = text.xcconfig; name = "Pods-Kanmoku-SupportTests.release.xcconfig"; path = "Pods/Target Support Files/Pods-Kanmoku-SupportTests/Pods-Kanmoku-SupportTests.release.xcconfig"; sourceTree = "<group>"; };
		261182AE04FDD1D837D0FBFC /* Pods-Kanmoku-SupportUITests.debug.xcconfig */ = {isa = PBXFileReference; includeInIndex = 1; lastKnownFileType = text.xcconfig; name = "Pods-Kanmoku-SupportUITests.debug.xcconfig"; path = "Pods/Target Support Files/Pods-Kanmoku-SupportUITests/Pods-Kanmoku-SupportUITests.debug.xcconfig"; sourceTree = "<group>"; };
		2C9A281E7DEF087278D394C0 /* Pods_Kanmoku_SupportTests.framework */ = {isa = PBXFileReference; explicitFileType = wrapper.framework; includeInIndex = 0; path = Pods_Kanmoku_SupportTests.framework; sourceTree = BUILT_PRODUCTS_DIR; };
		383B4C8527131A61DA8192FD /* Pods_Kanmoku_Support.framework */ = {isa = PBXFileReference; explicitFileType = wrapper.framework; includeInIndex = 0; path = Pods_Kanmoku_Support.framework; sourceTree = BUILT_PRODUCTS_DIR; };
		641C85CD28C8D17B31A69042 /* Pods-Kanmoku-SupportTests.debug.xcconfig */ = {isa = PBXFileReference; includeInIndex = 1; lastKnownFileType = text.xcconfig; name = "Pods-Kanmoku-SupportTests.debug.xcconfig"; path = "Pods/Target Support Files/Pods-Kanmoku-SupportTests/Pods-Kanmoku-SupportTests.debug.xcconfig"; sourceTree = "<group>"; };
		7E4EBEB1B4C3110A0E261B1A /* Pods-Kanmoku-Support.release.xcconfig */ = {isa = PBXFileReference; includeInIndex = 1; lastKnownFileType = text.xcconfig; name = "Pods-Kanmoku-Support.release.xcconfig"; path = "Pods/Target Support Files/Pods-Kanmoku-Support/Pods-Kanmoku-Support.release.xcconfig"; sourceTree = "<group>"; };
		DC79B6DAA1E21CD70EC35513 /* Pods-Kanmoku-Support.debug.xcconfig */ = {isa = PBXFileReference; includeInIndex = 1; lastKnownFileType = text.xcconfig; name = "Pods-Kanmoku-Support.debug.xcconfig"; path = "Pods/Target Support Files/Pods-Kanmoku-Support/Pods-Kanmoku-Support.debug.xcconfig"; sourceTree = "<group>"; };
		E1900C50D0BFCAAD3587FF5C /* Pods-Kanmoku-SupportUITests.release.xcconfig */ = {isa = PBXFileReference; includeInIndex = 1; lastKnownFileType = text.xcconfig; name = "Pods-Kanmoku-SupportUITests.release.xcconfig"; path = "Pods/Target Support Files/Pods-Kanmoku-SupportUITests/Pods-Kanmoku-SupportUITests.release.xcconfig"; sourceTree = "<group>"; };
/* End PBXFileReference section */

/* Begin PBXFrameworksBuildPhase section */
		1690D9F4207F92A80096B23C /* Frameworks */ = {
			isa = PBXFrameworksBuildPhase;
			buildActionMask = 2147483647;
			files = (
				5A6AEAD81DD9B8177971938F /* Pods_Kanmoku_Support.framework in Frameworks */,
			);
			runOnlyForDeploymentPostprocessing = 0;
		};
		1690DA08207F92AA0096B23C /* Frameworks */ = {
			isa = PBXFrameworksBuildPhase;
			buildActionMask = 2147483647;
			files = (
				5420FAEC9331CEBC66579A99 /* Pods_Kanmoku_SupportTests.framework in Frameworks */,
			);
			runOnlyForDeploymentPostprocessing = 0;
		};
		1690DA13207F92AA0096B23C /* Frameworks */ = {
			isa = PBXFrameworksBuildPhase;
			buildActionMask = 2147483647;
			files = (
				00C448A44B21BD6598B1A329 /* Pods_Kanmoku_SupportUITests.framework in Frameworks */,
			);
			runOnlyForDeploymentPostprocessing = 0;
		};
/* End PBXFrameworksBuildPhase section */

/* Begin PBXGroup section */
		160B2C5B23EABEF1002CD2BB /* Widget */ = {
			isa = PBXGroup;
			children = (
				160B2C5C23EAC0BE002CD2BB /* CoachMarkController.swift */,
			);
			path = Widget;
			sourceTree = "<group>";
		};
		1655B4362349D46F00BBA8D4 /* TextShow */ = {
			isa = PBXGroup;
			children = (
				16AC0925276D92B30008C26E /* TextShowView.swift */,
			);
			path = TextShow;
			sourceTree = "<group>";
		};
		1655B4372349D7C500BBA8D4 /* IllustSelect */ = {
			isa = PBXGroup;
			children = (
				16AC0927276DAA210008C26E /* IllustSelectView.swift */,
			);
			path = IllustSelect;
			sourceTree = "<group>";
		};
		1655B4382349D7D600BBA8D4 /* Drawing */ = {
			isa = PBXGroup;
			children = (
				16498D9F20849D0900332403 /* DrawingViewController.swift */,
			);
			path = Drawing;
			sourceTree = "<group>";
		};
		1655B4392349D7E200BBA8D4 /* ShowDrawing */ = {
			isa = PBXGroup;
			children = (
				1607B759276CB34B00E1BDB1 /* ShowDrawingView.swift */,
			);
			path = ShowDrawing;
			sourceTree = "<group>";
		};
		167872B421849C3F00BD2902 /* Templates */ = {
			isa = PBXGroup;
			children = (
				167872B521849CE400BD2902 /* TemplatesContract.swift */,
				167872B92184A49700BD2902 /* TemplatesViewController.swift */,
				1646A9B7218DF8A000A2E301 /* TemplatesPresenter.swift */,
			);
			path = Templates;
			sourceTree = "<group>";
		};
		1690D9EE207F92A80096B23C = {
			isa = PBXGroup;
			children = (
				163F5FB42174D0A9000D2839 /* assets */,
				1690D9F9207F92A80096B23C /* Kanmoku-Support */,
				1690DA0E207F92AA0096B23C /* Kanmoku-SupportTests */,
				1690DA19207F92AA0096B23C /* Kanmoku-SupportUITests */,
				1690D9F8207F92A80096B23C /* Products */,
				2C87997D4B5BE4A48338F0AF /* Pods */,
				AE98F168B6AF5970E6CE02AC /* Frameworks */,
			);
			sourceTree = "<group>";
		};
		1690D9F8207F92A80096B23C /* Products */ = {
			isa = PBXGroup;
			children = (
				1690D9F7207F92A80096B23C /* Kanmoku-Support.app */,
				1690DA0B207F92AA0096B23C /* Kanmoku-SupportTests.xctest */,
				1690DA16207F92AA0096B23C /* Kanmoku-SupportUITests.xctest */,
			);
			name = Products;
			sourceTree = "<group>";
		};
		1690D9F9207F92A80096B23C /* Kanmoku-Support */ = {
			isa = PBXGroup;
			children = (
				16F71D9623A2715C00A6A039 /* Extension */,
				16E073BB2371BBE100B7EF89 /* GoogleService-Info.plist */,
				16E6A3AA234EAC7300E7F767 /* Kanmoku-Support.entitlements */,
				1655B44A234A097A00BBA8D4 /* Extension.swift */,
				16DA4F7E2167C9CB00C86180 /* UI */,
				16BE8C2A2081F7280041602C /* Model */,
				16BE8C232081E6E80041602C /* ViewController */,
				1690D9FA207F92A80096B23C /* AppDelegate.swift */,
				1690D9FE207F92A80096B23C /* Main.storyboard */,
				1690DA01207F92A90096B23C /* Assets.xcassets */,
				1690DA03207F92A90096B23C /* LaunchScreen.storyboard */,
				1690DA06207F92A90096B23C /* Info.plist */,
				16BE8C35208264B40041602C /* Settings.bundle */,
				1655B452234A0A7D00BBA8D4 /* Localizable.strings */,
				16E073BF2372EA4E00B7EF89 /* Colors.xcassets */,
			);
			path = "Kanmoku-Support";
			sourceTree = "<group>";
		};
		1690DA0E207F92AA0096B23C /* Kanmoku-SupportTests */ = {
			isa = PBXGroup;
			children = (
				1690DA0F207F92AA0096B23C /* Kanmoku_SupportTests.swift */,
				1690DA11207F92AA0096B23C /* Info.plist */,
			);
			path = "Kanmoku-SupportTests";
			sourceTree = "<group>";
		};
		1690DA19207F92AA0096B23C /* Kanmoku-SupportUITests */ = {
			isa = PBXGroup;
			children = (
				1690DA1A207F92AA0096B23C /* Kanmoku_SupportUITests.swift */,
				1690DA1C207F92AA0096B23C /* Info.plist */,
			);
			path = "Kanmoku-SupportUITests";
			sourceTree = "<group>";
		};
		16BE8C232081E6E80041602C /* ViewController */ = {
			isa = PBXGroup;
			children = (
				1690D9FC207F92A80096B23C /* ViewController.swift */,
			);
			path = ViewController;
			sourceTree = "<group>";
		};
		16BE8C2A2081F7280041602C /* Model */ = {
			isa = PBXGroup;
			children = (
				16BE8C2B2081F7490041602C /* TTS.swift */,
				163BDE8B216B135A007C7E07 /* Settings.swift */,
				163F5FB62174D8EF000D2839 /* Templates.swift */,
				16F71D9923A53E7200A6A039 /* TextService.swift */,
			);
			path = Model;
			sourceTree = "<group>";
		};
		16DA4F7E2167C9CB00C86180 /* UI */ = {
			isa = PBXGroup;
			children = (
				160B2C5B23EABEF1002CD2BB /* Widget */,
				1655B4392349D7E200BBA8D4 /* ShowDrawing */,
				1655B4382349D7D600BBA8D4 /* Drawing */,
				1655B4372349D7C500BBA8D4 /* IllustSelect */,
				1655B4362349D46F00BBA8D4 /* TextShow */,
				16EFE8A7232FDBA9000B6D95 /* TextList */,
				167872B421849C3F00BD2902 /* Templates */,
				16DA4F7F2167C9E500C86180 /* Writing */,
			);
			path = UI;
			sourceTree = "<group>";
		};
		16DA4F7F2167C9E500C86180 /* Writing */ = {
			isa = PBXGroup;
			children = (
				16BE8C242081E7120041602C /* WritingViewController.swift */,
				16DA4F802167CAD000C86180 /* WritingPresenter.swift */,
				16DA4F822167CB3C00C86180 /* WritingContract.swift */,
			);
			path = Writing;
			sourceTree = "<group>";
		};
		16EFE8A7232FDBA9000B6D95 /* TextList */ = {
			isa = PBXGroup;
			children = (
				16EFE8B02332785F000B6D95 /* TextListViewController.swift */,
				165B3DCF2340F3F7005D8672 /* TextListContract.swift */,
				165B3DD12340F46B005D8672 /* TextListPresenter.swift */,
			);
			path = TextList;
			sourceTree = "<group>";
		};
		16F71D9623A2715C00A6A039 /* Extension */ = {
			isa = PBXGroup;
			children = (
				16F71D9723A2718900A6A039 /* UITextView+extension.swift */,
				16F71D9B23A546EA00A6A039 /* String+extension.swift */,
			);
			path = Extension;
			sourceTree = "<group>";
		};
		2C87997D4B5BE4A48338F0AF /* Pods */ = {
			isa = PBXGroup;
			children = (
				DC79B6DAA1E21CD70EC35513 /* Pods-Kanmoku-Support.debug.xcconfig */,
				7E4EBEB1B4C3110A0E261B1A /* Pods-Kanmoku-Support.release.xcconfig */,
				641C85CD28C8D17B31A69042 /* Pods-Kanmoku-SupportTests.debug.xcconfig */,
				172E7894D134034A4E891C1D /* Pods-Kanmoku-SupportTests.release.xcconfig */,
				261182AE04FDD1D837D0FBFC /* Pods-Kanmoku-SupportUITests.debug.xcconfig */,
				E1900C50D0BFCAAD3587FF5C /* Pods-Kanmoku-SupportUITests.release.xcconfig */,
			);
			name = Pods;
			sourceTree = "<group>";
		};
		AE98F168B6AF5970E6CE02AC /* Frameworks */ = {
			isa = PBXGroup;
			children = (
				383B4C8527131A61DA8192FD /* Pods_Kanmoku_Support.framework */,
				2C9A281E7DEF087278D394C0 /* Pods_Kanmoku_SupportTests.framework */,
				0401A0DE8B0D08056F2BA85B /* Pods_Kanmoku_SupportUITests.framework */,
			);
			name = Frameworks;
			sourceTree = "<group>";
		};
/* End PBXGroup section */

/* Begin PBXNativeTarget section */
		1690D9F6207F92A80096B23C /* Kanmoku-Support */ = {
			isa = PBXNativeTarget;
			buildConfigurationList = 1690DA1F207F92AA0096B23C /* Build configuration list for PBXNativeTarget "Kanmoku-Support" */;
			buildPhases = (
				6A07413D8AAA4869F1EAA7DF /* [CP] Check Pods Manifest.lock */,
				1690D9F3207F92A80096B23C /* Sources */,
				1690D9F4207F92A80096B23C /* Frameworks */,
				1690D9F5207F92A80096B23C /* Resources */,
				72DE25A560E6D911ABCFB7AB /* [CP] Embed Pods Frameworks */,
			);
			buildRules = (
			);
			dependencies = (
			);
			name = "Kanmoku-Support";
			productName = "Kanmoku-Support";
			productReference = 1690D9F7207F92A80096B23C /* Kanmoku-Support.app */;
			productType = "com.apple.product-type.application";
		};
		1690DA0A207F92AA0096B23C /* Kanmoku-SupportTests */ = {
			isa = PBXNativeTarget;
			buildConfigurationList = 1690DA22207F92AA0096B23C /* Build configuration list for PBXNativeTarget "Kanmoku-SupportTests" */;
			buildPhases = (
				276AE46EB870D3E2080B5C62 /* [CP] Check Pods Manifest.lock */,
				1690DA07207F92AA0096B23C /* Sources */,
				1690DA08207F92AA0096B23C /* Frameworks */,
				1690DA09207F92AA0096B23C /* Resources */,
			);
			buildRules = (
			);
			dependencies = (
				1690DA0D207F92AA0096B23C /* PBXTargetDependency */,
			);
			name = "Kanmoku-SupportTests";
			productName = "Kanmoku-SupportTests";
			productReference = 1690DA0B207F92AA0096B23C /* Kanmoku-SupportTests.xctest */;
			productType = "com.apple.product-type.bundle.unit-test";
		};
		1690DA15207F92AA0096B23C /* Kanmoku-SupportUITests */ = {
			isa = PBXNativeTarget;
			buildConfigurationList = 1690DA25207F92AA0096B23C /* Build configuration list for PBXNativeTarget "Kanmoku-SupportUITests" */;
			buildPhases = (
				068938E95D2D382DC6DCFEAE /* [CP] Check Pods Manifest.lock */,
				1690DA12207F92AA0096B23C /* Sources */,
				1690DA13207F92AA0096B23C /* Frameworks */,
				1690DA14207F92AA0096B23C /* Resources */,
			);
			buildRules = (
			);
			dependencies = (
				1690DA18207F92AA0096B23C /* PBXTargetDependency */,
			);
			name = "Kanmoku-SupportUITests";
			productName = "Kanmoku-SupportUITests";
			productReference = 1690DA16207F92AA0096B23C /* Kanmoku-SupportUITests.xctest */;
			productType = "com.apple.product-type.bundle.ui-testing";
		};
/* End PBXNativeTarget section */

/* Begin PBXProject section */
		1690D9EF207F92A80096B23C /* Project object */ = {
			isa = PBXProject;
			attributes = {
				LastSwiftUpdateCheck = 0930;
				LastUpgradeCheck = 0930;
				ORGANIZATIONNAME = tkt989;
				TargetAttributes = {
					1690D9F6207F92A80096B23C = {
						CreatedOnToolsVersion = 9.3;
						LastSwiftMigration = 1000;
					};
					1690DA0A207F92AA0096B23C = {
						CreatedOnToolsVersion = 9.3;
						LastSwiftMigration = 1000;
						TestTargetID = 1690D9F6207F92A80096B23C;
					};
					1690DA15207F92AA0096B23C = {
						CreatedOnToolsVersion = 9.3;
						LastSwiftMigration = 1000;
						TestTargetID = 1690D9F6207F92A80096B23C;
					};
				};
			};
			buildConfigurationList = 1690D9F2207F92A80096B23C /* Build configuration list for PBXProject "Kanmoku-Support" */;
			compatibilityVersion = "Xcode 9.3";
			developmentRegion = ja;
			hasScannedForEncodings = 0;
			knownRegions = (
				Base,
				ja,
			);
			mainGroup = 1690D9EE207F92A80096B23C;
			productRefGroup = 1690D9F8207F92A80096B23C /* Products */;
			projectDirPath = "";
			projectRoot = "";
			targets = (
				1690D9F6207F92A80096B23C /* Kanmoku-Support */,
				1690DA0A207F92AA0096B23C /* Kanmoku-SupportTests */,
				1690DA15207F92AA0096B23C /* Kanmoku-SupportUITests */,
			);
		};
/* End PBXProject section */

/* Begin PBXResourcesBuildPhase section */
		1690D9F5207F92A80096B23C /* Resources */ = {
			isa = PBXResourcesBuildPhase;
			buildActionMask = 2147483647;
			files = (
				163F5FB52174D0A9000D2839 /* assets in Resources */,
				16E073C02372EA4E00B7EF89 /* Colors.xcassets in Resources */,
				1690DA05207F92A90096B23C /* LaunchScreen.storyboard in Resources */,
				1655B450234A0A7D00BBA8D4 /* Localizable.strings in Resources */,
				1690DA02207F92A90096B23C /* Assets.xcassets in Resources */,
				16BE8C36208264B40041602C /* Settings.bundle in Resources */,
				16E073BC2371BBE100B7EF89 /* GoogleService-Info.plist in Resources */,
				1690DA00207F92A80096B23C /* Main.storyboard in Resources */,
			);
			runOnlyForDeploymentPostprocessing = 0;
		};
		1690DA09207F92AA0096B23C /* Resources */ = {
			isa = PBXResourcesBuildPhase;
			buildActionMask = 2147483647;
			files = (
				16E073BD2371BBE100B7EF89 /* GoogleService-Info.plist in Resources */,
			);
			runOnlyForDeploymentPostprocessing = 0;
		};
		1690DA14207F92AA0096B23C /* Resources */ = {
			isa = PBXResourcesBuildPhase;
			buildActionMask = 2147483647;
			files = (
				16E073BE2371BBE100B7EF89 /* GoogleService-Info.plist in Resources */,
			);
			runOnlyForDeploymentPostprocessing = 0;
		};
/* End PBXResourcesBuildPhase section */

/* Begin PBXShellScriptBuildPhase section */
		068938E95D2D382DC6DCFEAE /* [CP] Check Pods Manifest.lock */ = {
			isa = PBXShellScriptBuildPhase;
			buildActionMask = 2147483647;
			files = (
			);
			inputPaths = (
				"${PODS_PODFILE_DIR_PATH}/Podfile.lock",
				"${PODS_ROOT}/Manifest.lock",
			);
			name = "[CP] Check Pods Manifest.lock";
			outputPaths = (
				"$(DERIVED_FILE_DIR)/Pods-Kanmoku-SupportUITests-checkManifestLockResult.txt",
			);
			runOnlyForDeploymentPostprocessing = 0;
			shellPath = /bin/sh;
			shellScript = "diff \"${PODS_PODFILE_DIR_PATH}/Podfile.lock\" \"${PODS_ROOT}/Manifest.lock\" > /dev/null\nif [ $? != 0 ] ; then\n    # print error to STDERR\n    echo \"error: The sandbox is not in sync with the Podfile.lock. Run 'pod install' or update your CocoaPods installation.\" >&2\n    exit 1\nfi\n# This output is used by Xcode 'outputs' to avoid re-running this script phase.\necho \"SUCCESS\" > \"${SCRIPT_OUTPUT_FILE_0}\"\n";
			showEnvVarsInLog = 0;
		};
		276AE46EB870D3E2080B5C62 /* [CP] Check Pods Manifest.lock */ = {
			isa = PBXShellScriptBuildPhase;
			buildActionMask = 2147483647;
			files = (
			);
			inputPaths = (
				"${PODS_PODFILE_DIR_PATH}/Podfile.lock",
				"${PODS_ROOT}/Manifest.lock",
			);
			name = "[CP] Check Pods Manifest.lock";
			outputPaths = (
				"$(DERIVED_FILE_DIR)/Pods-Kanmoku-SupportTests-checkManifestLockResult.txt",
			);
			runOnlyForDeploymentPostprocessing = 0;
			shellPath = /bin/sh;
			shellScript = "diff \"${PODS_PODFILE_DIR_PATH}/Podfile.lock\" \"${PODS_ROOT}/Manifest.lock\" > /dev/null\nif [ $? != 0 ] ; then\n    # print error to STDERR\n    echo \"error: The sandbox is not in sync with the Podfile.lock. Run 'pod install' or update your CocoaPods installation.\" >&2\n    exit 1\nfi\n# This output is used by Xcode 'outputs' to avoid re-running this script phase.\necho \"SUCCESS\" > \"${SCRIPT_OUTPUT_FILE_0}\"\n";
			showEnvVarsInLog = 0;
		};
		6A07413D8AAA4869F1EAA7DF /* [CP] Check Pods Manifest.lock */ = {
			isa = PBXShellScriptBuildPhase;
			buildActionMask = 2147483647;
			files = (
			);
			inputPaths = (
				"${PODS_PODFILE_DIR_PATH}/Podfile.lock",
				"${PODS_ROOT}/Manifest.lock",
			);
			name = "[CP] Check Pods Manifest.lock";
			outputPaths = (
				"$(DERIVED_FILE_DIR)/Pods-Kanmoku-Support-checkManifestLockResult.txt",
			);
			runOnlyForDeploymentPostprocessing = 0;
			shellPath = /bin/sh;
			shellScript = "diff \"${PODS_PODFILE_DIR_PATH}/Podfile.lock\" \"${PODS_ROOT}/Manifest.lock\" > /dev/null\nif [ $? != 0 ] ; then\n    # print error to STDERR\n    echo \"error: The sandbox is not in sync with the Podfile.lock. Run 'pod install' or update your CocoaPods installation.\" >&2\n    exit 1\nfi\n# This output is used by Xcode 'outputs' to avoid re-running this script phase.\necho \"SUCCESS\" > \"${SCRIPT_OUTPUT_FILE_0}\"\n";
			showEnvVarsInLog = 0;
		};
		72DE25A560E6D911ABCFB7AB /* [CP] Embed Pods Frameworks */ = {
			isa = PBXShellScriptBuildPhase;
			buildActionMask = 2147483647;
			files = (
			);
			inputFileListPaths = (
				"${PODS_ROOT}/Target Support Files/Pods-Kanmoku-Support/Pods-Kanmoku-Support-frameworks-${CONFIGURATION}-input-files.xcfilelist",
			);
			name = "[CP] Embed Pods Frameworks";
			outputFileListPaths = (
				"${PODS_ROOT}/Target Support Files/Pods-Kanmoku-Support/Pods-Kanmoku-Support-frameworks-${CONFIGURATION}-output-files.xcfilelist",
			);
			runOnlyForDeploymentPostprocessing = 0;
			shellPath = /bin/sh;
			shellScript = "\"${PODS_ROOT}/Target Support Files/Pods-Kanmoku-Support/Pods-Kanmoku-Support-frameworks.sh\"\n";
			showEnvVarsInLog = 0;
		};
/* End PBXShellScriptBuildPhase section */

/* Begin PBXSourcesBuildPhase section */
		1690D9F3207F92A80096B23C /* Sources */ = {
			isa = PBXSourcesBuildPhase;
			buildActionMask = 2147483647;
			files = (
				167872B621849CE400BD2902 /* TemplatesContract.swift in Sources */,
				1646A9B8218DF8A000A2E301 /* TemplatesPresenter.swift in Sources */,
				165B3DD22340F46B005D8672 /* TextListPresenter.swift in Sources */,
				1607B75A276CB34B00E1BDB1 /* ShowDrawingView.swift in Sources */,
				1690D9FD207F92A80096B23C /* ViewController.swift in Sources */,
				165B3DD02340F3F7005D8672 /* TextListContract.swift in Sources */,
				163BDE8C216B135A007C7E07 /* Settings.swift in Sources */,
				16F71D9C23A546EA00A6A039 /* String+extension.swift in Sources */,
				16BE8C252081E7120041602C /* WritingViewController.swift in Sources */,
				16AC0928276DAA210008C26E /* IllustSelectView.swift in Sources */,
				1655B44B234A097A00BBA8D4 /* Extension.swift in Sources */,
				167872BA2184A49700BD2902 /* TemplatesViewController.swift in Sources */,
				160B2C5D23EAC0BE002CD2BB /* CoachMarkController.swift in Sources */,
				16BE8C2C2081F7490041602C /* TTS.swift in Sources */,
				16498DA020849D0900332403 /* DrawingViewController.swift in Sources */,
				1690D9FB207F92A80096B23C /* AppDelegate.swift in Sources */,
				16AC0926276D92B30008C26E /* TextShowView.swift in Sources */,
				16DA4F812167CAD100C86180 /* WritingPresenter.swift in Sources */,
				16F71D9A23A53E7200A6A039 /* TextService.swift in Sources */,
				163F5FB72174D8EF000D2839 /* Templates.swift in Sources */,
				16EFE8B12332785F000B6D95 /* TextListViewController.swift in Sources */,
				16F71D9823A2718900A6A039 /* UITextView+extension.swift in Sources */,
				16DA4F832167CB3C00C86180 /* WritingContract.swift in Sources */,
			);
			runOnlyForDeploymentPostprocessing = 0;
		};
		1690DA07207F92AA0096B23C /* Sources */ = {
			isa = PBXSourcesBuildPhase;
			buildActionMask = 2147483647;
			files = (
				1690DA10207F92AA0096B23C /* Kanmoku_SupportTests.swift in Sources */,
			);
			runOnlyForDeploymentPostprocessing = 0;
		};
		1690DA12207F92AA0096B23C /* Sources */ = {
			isa = PBXSourcesBuildPhase;
			buildActionMask = 2147483647;
			files = (
				1690DA1B207F92AA0096B23C /* Kanmoku_SupportUITests.swift in Sources */,
			);
			runOnlyForDeploymentPostprocessing = 0;
		};
/* End PBXSourcesBuildPhase section */

/* Begin PBXTargetDependency section */
		1690DA0D207F92AA0096B23C /* PBXTargetDependency */ = {
			isa = PBXTargetDependency;
			target = 1690D9F6207F92A80096B23C /* Kanmoku-Support */;
			targetProxy = 1690DA0C207F92AA0096B23C /* PBXContainerItemProxy */;
		};
		1690DA18207F92AA0096B23C /* PBXTargetDependency */ = {
			isa = PBXTargetDependency;
			target = 1690D9F6207F92A80096B23C /* Kanmoku-Support */;
			targetProxy = 1690DA17207F92AA0096B23C /* PBXContainerItemProxy */;
		};
/* End PBXTargetDependency section */

/* Begin PBXVariantGroup section */
		1655B452234A0A7D00BBA8D4 /* Localizable.strings */ = {
			isa = PBXVariantGroup;
			children = (
				1655B453234A0AAE00BBA8D4 /* ja */,
			);
			name = Localizable.strings;
			sourceTree = "<group>";
		};
		1690D9FE207F92A80096B23C /* Main.storyboard */ = {
			isa = PBXVariantGroup;
			children = (
				1690D9FF207F92A80096B23C /* Base */,
			);
			name = Main.storyboard;
			sourceTree = "<group>";
		};
		1690DA03207F92A90096B23C /* LaunchScreen.storyboard */ = {
			isa = PBXVariantGroup;
			children = (
				1690DA04207F92A90096B23C /* Base */,
			);
			name = LaunchScreen.storyboard;
			sourceTree = "<group>";
		};
/* End PBXVariantGroup section */

/* Begin XCBuildConfiguration section */
		1690DA1D207F92AA0096B23C /* Debug */ = {
			isa = XCBuildConfiguration;
			buildSettings = {
				ALWAYS_SEARCH_USER_PATHS = NO;
				CLANG_ANALYZER_LOCALIZABILITY_NONLOCALIZED = YES;
				CLANG_ANALYZER_NONNULL = YES;
				CLANG_ANALYZER_NUMBER_OBJECT_CONVERSION = YES_AGGRESSIVE;
				CLANG_CXX_LANGUAGE_STANDARD = "gnu++14";
				CLANG_CXX_LIBRARY = "libc++";
				CLANG_ENABLE_MODULES = YES;
				CLANG_ENABLE_OBJC_ARC = YES;
				CLANG_ENABLE_OBJC_WEAK = YES;
				CLANG_WARN_BLOCK_CAPTURE_AUTORELEASING = YES;
				CLANG_WARN_BOOL_CONVERSION = YES;
				CLANG_WARN_COMMA = YES;
				CLANG_WARN_CONSTANT_CONVERSION = YES;
				CLANG_WARN_DEPRECATED_OBJC_IMPLEMENTATIONS = YES;
				CLANG_WARN_DIRECT_OBJC_ISA_USAGE = YES_ERROR;
				CLANG_WARN_DOCUMENTATION_COMMENTS = YES;
				CLANG_WARN_EMPTY_BODY = YES;
				CLANG_WARN_ENUM_CONVERSION = YES;
				CLANG_WARN_INFINITE_RECURSION = YES;
				CLANG_WARN_INT_CONVERSION = YES;
				CLANG_WARN_NON_LITERAL_NULL_CONVERSION = YES;
				CLANG_WARN_OBJC_IMPLICIT_RETAIN_SELF = YES;
				CLANG_WARN_OBJC_LITERAL_CONVERSION = YES;
				CLANG_WARN_OBJC_ROOT_CLASS = YES_ERROR;
				CLANG_WARN_RANGE_LOOP_ANALYSIS = YES;
				CLANG_WARN_STRICT_PROTOTYPES = YES;
				CLANG_WARN_SUSPICIOUS_MOVE = YES;
				CLANG_WARN_UNGUARDED_AVAILABILITY = YES_AGGRESSIVE;
				CLANG_WARN_UNREACHABLE_CODE = YES;
				CLANG_WARN__DUPLICATE_METHOD_MATCH = YES;
				CODE_SIGN_IDENTITY = "iPhone Developer";
				COPY_PHASE_STRIP = NO;
				DEBUG_INFORMATION_FORMAT = dwarf;
				ENABLE_STRICT_OBJC_MSGSEND = YES;
				ENABLE_TESTABILITY = YES;
				GCC_C_LANGUAGE_STANDARD = gnu11;
				GCC_DYNAMIC_NO_PIC = NO;
				GCC_NO_COMMON_BLOCKS = YES;
				GCC_OPTIMIZATION_LEVEL = 0;
				GCC_PREPROCESSOR_DEFINITIONS = (
					"DEBUG=1",
					"$(inherited)",
				);
				GCC_WARN_64_TO_32_BIT_CONVERSION = YES;
				GCC_WARN_ABOUT_RETURN_TYPE = YES_ERROR;
				GCC_WARN_UNDECLARED_SELECTOR = YES;
				GCC_WARN_UNINITIALIZED_AUTOS = YES_AGGRESSIVE;
				GCC_WARN_UNUSED_FUNCTION = YES;
				GCC_WARN_UNUSED_VARIABLE = YES;
				IPHONEOS_DEPLOYMENT_TARGET = 14.0;
				MTL_ENABLE_DEBUG_INFO = YES;
				ONLY_ACTIVE_ARCH = YES;
				SDKROOT = iphoneos;
				SWIFT_ACTIVE_COMPILATION_CONDITIONS = DEBUG;
				SWIFT_OPTIMIZATION_LEVEL = "-Onone";
				p = "";
			};
			name = Debug;
		};
		1690DA1E207F92AA0096B23C /* Release */ = {
			isa = XCBuildConfiguration;
			buildSettings = {
				ALWAYS_SEARCH_USER_PATHS = NO;
				CLANG_ANALYZER_LOCALIZABILITY_NONLOCALIZED = YES;
				CLANG_ANALYZER_NONNULL = YES;
				CLANG_ANALYZER_NUMBER_OBJECT_CONVERSION = YES_AGGRESSIVE;
				CLANG_CXX_LANGUAGE_STANDARD = "gnu++14";
				CLANG_CXX_LIBRARY = "libc++";
				CLANG_ENABLE_MODULES = YES;
				CLANG_ENABLE_OBJC_ARC = YES;
				CLANG_ENABLE_OBJC_WEAK = YES;
				CLANG_WARN_BLOCK_CAPTURE_AUTORELEASING = YES;
				CLANG_WARN_BOOL_CONVERSION = YES;
				CLANG_WARN_COMMA = YES;
				CLANG_WARN_CONSTANT_CONVERSION = YES;
				CLANG_WARN_DEPRECATED_OBJC_IMPLEMENTATIONS = YES;
				CLANG_WARN_DIRECT_OBJC_ISA_USAGE = YES_ERROR;
				CLANG_WARN_DOCUMENTATION_COMMENTS = YES;
				CLANG_WARN_EMPTY_BODY = YES;
				CLANG_WARN_ENUM_CONVERSION = YES;
				CLANG_WARN_INFINITE_RECURSION = YES;
				CLANG_WARN_INT_CONVERSION = YES;
				CLANG_WARN_NON_LITERAL_NULL_CONVERSION = YES;
				CLANG_WARN_OBJC_IMPLICIT_RETAIN_SELF = YES;
				CLANG_WARN_OBJC_LITERAL_CONVERSION = YES;
				CLANG_WARN_OBJC_ROOT_CLASS = YES_ERROR;
				CLANG_WARN_RANGE_LOOP_ANALYSIS = YES;
				CLANG_WARN_STRICT_PROTOTYPES = YES;
				CLANG_WARN_SUSPICIOUS_MOVE = YES;
				CLANG_WARN_UNGUARDED_AVAILABILITY = YES_AGGRESSIVE;
				CLANG_WARN_UNREACHABLE_CODE = YES;
				CLANG_WARN__DUPLICATE_METHOD_MATCH = YES;
				CODE_SIGN_IDENTITY = "iPhone Developer";
				COPY_PHASE_STRIP = NO;
				DEBUG_INFORMATION_FORMAT = "dwarf-with-dsym";
				ENABLE_NS_ASSERTIONS = NO;
				ENABLE_STRICT_OBJC_MSGSEND = YES;
				GCC_C_LANGUAGE_STANDARD = gnu11;
				GCC_NO_COMMON_BLOCKS = YES;
				GCC_WARN_64_TO_32_BIT_CONVERSION = YES;
				GCC_WARN_ABOUT_RETURN_TYPE = YES_ERROR;
				GCC_WARN_UNDECLARED_SELECTOR = YES;
				GCC_WARN_UNINITIALIZED_AUTOS = YES_AGGRESSIVE;
				GCC_WARN_UNUSED_FUNCTION = YES;
				GCC_WARN_UNUSED_VARIABLE = YES;
				IPHONEOS_DEPLOYMENT_TARGET = 14.0;
				MTL_ENABLE_DEBUG_INFO = NO;
				SDKROOT = iphoneos;
				SWIFT_COMPILATION_MODE = wholemodule;
				SWIFT_OPTIMIZATION_LEVEL = "-O";
				VALIDATE_PRODUCT = YES;
				p = "";
			};
			name = Release;
		};
		1690DA20207F92AA0096B23C /* Debug */ = {
			isa = XCBuildConfiguration;
			baseConfigurationReference = DC79B6DAA1E21CD70EC35513 /* Pods-Kanmoku-Support.debug.xcconfig */;
			buildSettings = {
				ASSETCATALOG_COMPILER_APPICON_NAME = AppIcon;
				CODE_SIGN_ENTITLEMENTS = "Kanmoku-Support/Kanmoku-Support.entitlements";
				CODE_SIGN_IDENTITY = "Apple Development";
				"CODE_SIGN_IDENTITY[sdk=macosx*]" = "Apple Development";
				CODE_SIGN_STYLE = Automatic;
				CURRENT_PROJECT_VERSION = 17;
				DERIVE_MACCATALYST_PRODUCT_BUNDLE_IDENTIFIER = YES;
				DEVELOPMENT_TEAM = GZN22MM2MH;
				INFOPLIST_FILE = "Kanmoku-Support/Info.plist";
				IPHONEOS_DEPLOYMENT_TARGET = 14.0;
				LD_RUNPATH_SEARCH_PATHS = (
					"$(inherited)",
					"@executable_path/Frameworks",
				);
				MARKETING_VERSION = 1.2.8;
				PRODUCT_BUNDLE_IDENTIFIER = "info.tkt989.Kanmoku-Support";
				PRODUCT_NAME = "$(TARGET_NAME)";
				PROVISIONING_PROFILE_SPECIFIER = "";
				"PROVISIONING_PROFILE_SPECIFIER[sdk=macosx*]" = "";
				SUPPORTS_MACCATALYST = YES;
				SWIFT_VERSION = 4.2;
				TARGETED_DEVICE_FAMILY = "1,2";
			};
			name = Debug;
		};
		1690DA21207F92AA0096B23C /* Release */ = {
			isa = XCBuildConfiguration;
			baseConfigurationReference = 7E4EBEB1B4C3110A0E261B1A /* Pods-Kanmoku-Support.release.xcconfig */;
			buildSettings = {
				ASSETCATALOG_COMPILER_APPICON_NAME = AppIcon;
				CODE_SIGN_ENTITLEMENTS = "Kanmoku-Support/Kanmoku-Support.entitlements";
				CODE_SIGN_IDENTITY = "Apple Development";
				"CODE_SIGN_IDENTITY[sdk=macosx*]" = "Apple Development";
				CODE_SIGN_STYLE = Automatic;
				CURRENT_PROJECT_VERSION = 17;
				DERIVE_MACCATALYST_PRODUCT_BUNDLE_IDENTIFIER = YES;
				DEVELOPMENT_TEAM = GZN22MM2MH;
				INFOPLIST_FILE = "Kanmoku-Support/Info.plist";
				IPHONEOS_DEPLOYMENT_TARGET = 14.0;
				LD_RUNPATH_SEARCH_PATHS = (
					"$(inherited)",
					"@executable_path/Frameworks",
				);
				MARKETING_VERSION = 1.2.8;
				PRODUCT_BUNDLE_IDENTIFIER = "info.tkt989.Kanmoku-Support";
				PRODUCT_NAME = "$(TARGET_NAME)";
				PROVISIONING_PROFILE_SPECIFIER = "";
				"PROVISIONING_PROFILE_SPECIFIER[sdk=macosx*]" = "";
				SUPPORTS_MACCATALYST = YES;
				SWIFT_VERSION = 4.2;
				TARGETED_DEVICE_FAMILY = "1,2";
			};
			name = Release;
		};
		1690DA23207F92AA0096B23C /* Debug */ = {
			isa = XCBuildConfiguration;
			baseConfigurationReference = 641C85CD28C8D17B31A69042 /* Pods-Kanmoku-SupportTests.debug.xcconfig */;
			buildSettings = {
				ALWAYS_EMBED_SWIFT_STANDARD_LIBRARIES = YES;
				BUNDLE_LOADER = "$(TEST_HOST)";
				CODE_SIGN_STYLE = Automatic;
				DEVELOPMENT_TEAM = GZN22MM2MH;
				INFOPLIST_FILE = "Kanmoku-SupportTests/Info.plist";
				LD_RUNPATH_SEARCH_PATHS = (
					"$(inherited)",
					"@executable_path/Frameworks",
					"@loader_path/Frameworks",
				);
				PRODUCT_BUNDLE_IDENTIFIER = "info.tkt989.Kanmoku-SupportTests";
				PRODUCT_NAME = "$(TARGET_NAME)";
				SWIFT_VERSION = 4.2;
				TARGETED_DEVICE_FAMILY = "1,2";
				TEST_HOST = "$(BUILT_PRODUCTS_DIR)/Kanmoku-Support.app/Kanmoku-Support";
			};
			name = Debug;
		};
		1690DA24207F92AA0096B23C /* Release */ = {
			isa = XCBuildConfiguration;
			baseConfigurationReference = 172E7894D134034A4E891C1D /* Pods-Kanmoku-SupportTests.release.xcconfig */;
			buildSettings = {
				ALWAYS_EMBED_SWIFT_STANDARD_LIBRARIES = YES;
				BUNDLE_LOADER = "$(TEST_HOST)";
				CODE_SIGN_STYLE = Automatic;
				DEVELOPMENT_TEAM = GZN22MM2MH;
				INFOPLIST_FILE = "Kanmoku-SupportTests/Info.plist";
				LD_RUNPATH_SEARCH_PATHS = (
					"$(inherited)",
					"@executable_path/Frameworks",
					"@loader_path/Frameworks",
				);
				PRODUCT_BUNDLE_IDENTIFIER = "info.tkt989.Kanmoku-SupportTests";
				PRODUCT_NAME = "$(TARGET_NAME)";
				SWIFT_VERSION = 4.2;
				TARGETED_DEVICE_FAMILY = "1,2";
				TEST_HOST = "$(BUILT_PRODUCTS_DIR)/Kanmoku-Support.app/Kanmoku-Support";
			};
			name = Release;
		};
		1690DA26207F92AA0096B23C /* Debug */ = {
			isa = XCBuildConfiguration;
			baseConfigurationReference = 261182AE04FDD1D837D0FBFC /* Pods-Kanmoku-SupportUITests.debug.xcconfig */;
			buildSettings = {
				ALWAYS_EMBED_SWIFT_STANDARD_LIBRARIES = YES;
				CODE_SIGN_STYLE = Automatic;
				DEVELOPMENT_TEAM = GZN22MM2MH;
				INFOPLIST_FILE = "Kanmoku-SupportUITests/Info.plist";
				LD_RUNPATH_SEARCH_PATHS = (
					"$(inherited)",
					"@executable_path/Frameworks",
					"@loader_path/Frameworks",
				);
				PRODUCT_BUNDLE_IDENTIFIER = "info.tkt989.Kanmoku-SupportUITests";
				PRODUCT_NAME = "$(TARGET_NAME)";
				SWIFT_VERSION = 4.2;
				TARGETED_DEVICE_FAMILY = "1,2";
				TEST_TARGET_NAME = "Kanmoku-Support";
			};
			name = Debug;
		};
		1690DA27207F92AA0096B23C /* Release */ = {
			isa = XCBuildConfiguration;
			baseConfigurationReference = E1900C50D0BFCAAD3587FF5C /* Pods-Kanmoku-SupportUITests.release.xcconfig */;
			buildSettings = {
				ALWAYS_EMBED_SWIFT_STANDARD_LIBRARIES = YES;
				CODE_SIGN_STYLE = Automatic;
				DEVELOPMENT_TEAM = GZN22MM2MH;
				INFOPLIST_FILE = "Kanmoku-SupportUITests/Info.plist";
				LD_RUNPATH_SEARCH_PATHS = (
					"$(inherited)",
					"@executable_path/Frameworks",
					"@loader_path/Frameworks",
				);
				PRODUCT_BUNDLE_IDENTIFIER = "info.tkt989.Kanmoku-SupportUITests";
				PRODUCT_NAME = "$(TARGET_NAME)";
				SWIFT_VERSION = 4.2;
				TARGETED_DEVICE_FAMILY = "1,2";
				TEST_TARGET_NAME = "Kanmoku-Support";
			};
			name = Release;
		};
/* End XCBuildConfiguration section */

/* Begin XCConfigurationList section */
		1690D9F2207F92A80096B23C /* Build configuration list for PBXProject "Kanmoku-Support" */ = {
			isa = XCConfigurationList;
			buildConfigurations = (
				1690DA1D207F92AA0096B23C /* Debug */,
				1690DA1E207F92AA0096B23C /* Release */,
			);
			defaultConfigurationIsVisible = 0;
			defaultConfigurationName = Release;
		};
		1690DA1F207F92AA0096B23C /* Build configuration list for PBXNativeTarget "Kanmoku-Support" */ = {
			isa = XCConfigurationList;
			buildConfigurations = (
				1690DA20207F92AA0096B23C /* Debug */,
				1690DA21207F92AA0096B23C /* Release */,
			);
			defaultConfigurationIsVisible = 0;
			defaultConfigurationName = Release;
		};
		1690DA22207F92AA0096B23C /* Build configuration list for PBXNativeTarget "Kanmoku-SupportTests" */ = {
			isa = XCConfigurationList;
			buildConfigurations = (
				1690DA23207F92AA0096B23C /* Debug */,
				1690DA24207F92AA0096B23C /* Release */,
			);
			defaultConfigurationIsVisible = 0;
			defaultConfigurationName = Release;
		};
		1690DA25207F92AA0096B23C /* Build configuration list for PBXNativeTarget "Kanmoku-SupportUITests" */ = {
			isa = XCConfigurationList;
			buildConfigurations = (
				1690DA26207F92AA0096B23C /* Debug */,
				1690DA27207F92AA0096B23C /* Release */,
			);
			defaultConfigurationIsVisible = 0;
			defaultConfigurationName = Release;
		};
/* End XCConfigurationList section */
	};
	rootObject = 1690D9EF207F92A80096B23C /* Project object */;
}
